
Microsoft Visual Studio Solution File, Format Version 12.00
# Visual Studio Version 17
VisualStudioVersion = 17.5.2.0
MinimumVisualStudioVersion = 10.0.40219.1
Project("{2150E333-8FDC-42A3-9474-1A3956D46DE8}") = "mealplanner", "mealplanner", "{05D90090-E42E-9F76-FEB1-84C09A0CB6E7}"
EndProject
Project("{2150E333-8FDC-42A3-9474-1A3956D46DE8}") = "shared", "shared", "{CC59F1DC-7008-82D1-1AC5-E73DF7F77FAE}"
EndProject
Project("{FAE04EC0-301F-11D3-BF4B-00C04F79EFBC}") = "Shared.Models", " shared\Shared.Models\Shared.Models.csproj", "{35FE60DE-C996-C3A7-9DBB-E8CE1B990A74}"
EndProject
Project("{FAE04EC0-301F-11D3-BF4B-00C04F79EFBC}") = "Shared.Services", "shared\Shared.Services\Shared.Services.csproj", "{D27EE0CE-0321-13CC-B4E7-178F63F7050D}"
EndProject
Project("{FAE04EC0-301F-11D3-BF4B-00C04F79EFBC}") = "Shared.Tests", "shared\Shared.Tests\Shared.Tests.csproj", "{18739B2E-59AD-3D06-BBF1-ED8C4D283769}"
EndProject
Project("{2150E333-8FDC-42A3-9474-1A3956D46DE8}") = "services", "services", "{CEA20124-1E82-AD65-6494-4FCDD29F1A18}"
EndProject
Project("{2150E333-8FDC-42A3-9474-1A3956D46DE8}") = "IdentityService", "IdentityService", "{4680FA04-B3C6-3DA8-7EE8-F20912C21308}"
EndProject
Project("{FAE04EC0-301F-11D3-BF4B-00C04F79EFBC}") = "IdentityService", "services\IdentityService\src\IdentityService.csproj", "{44F78D54-18FC-AE09-F859-4D64FF4E1310}"
EndProject
Project("{FAE04EC0-301F-11D3-BF4B-00C04F79EFBC}") = "IdentityService.Tests", "services\IdentityService\tests\IdentityService.Tests\IdentityService.Tests.csproj", "{AAAAAAAA-0001-0001-0001-000000000001}"
EndProject
Project("{2150E333-8FDC-42A3-9474-1A3956D46DE8}") = "MealRecipeService", "MealRecipeService", "{334A5D25-9DE2-CD55-A2F9-D44E9F71F554}"
EndProject
Project("{FAE04EC0-301F-11D3-BF4B-00C04F79EFBC}") = "MealRecipeService", "services\MealRecipeService\src\MealRecipeService.csproj", "{80A7BFC2-FB28-7DEB-AB99-094646B1414F}"
EndProject
Project("{FAE04EC0-301F-11D3-BF4B-00C04F79EFBC}") = "MealRecipeService.Tests", "services\MealRecipeService\tests\MealRecipeService.Tests\MealRecipeService.Tests.csproj", "{BBBBBBBB-0002-0002-0002-000000000002}"
EndProject
Project("{2150E333-8FDC-42A3-9474-1A3956D46DE8}") = "ApiGateway", "ApiGateway", "{74714A78-7AEE-5056-4028-AFDFDC21AEF5}"
EndProject
Project("{FAE04EC0-301F-11D3-BF4B-00C04F79EFBC}") = "ApiGateway", "services\ApiGateway\src\ApiGateway.csproj", "{FECF01E8-D29A-C530-57C2-B4A1574A1650}"
EndProject
Project("{FAE04EC0-301F-11D3-BF4B-00C04F79EFBC}") = "ApiGateway.Tests", "services\ApiGateway\tests\ApiGateway.Tests\ApiGateway.Tests.csproj", "{CCCCCCCC-0003-0003-0003-000000000003}"
EndProject
Project("{2150E333-8FDC-42A3-9474-1A3956D46DE8}") = "PlanService", "PlanService", "{89060B9A-3913-8350-9C75-57C114CC4992}"
EndProject
Project("{FAE04EC0-301F-11D3-BF4B-00C04F79EFBC}") = "PlanService", "services\PlanService\src\PlanService.csproj", "{DECD24F4-8A2C-F12A-99AC-1962FB3666FF}"
EndProject
Project("{FAE04EC0-301F-11D3-BF4B-00C04F79EFBC}") = "PlanService.Tests", "services\PlanService\tests\PlanService.Tests\PlanService.Tests.csproj", "{DDDDDDDD-0004-0004-0004-000000000004}"
EndProject
Project("{2150E333-8FDC-42A3-9474-1A3956D46DE8}") = "services", "services", "{5854FF58-B8C5-05C6-5BF2-ACE42193F22B}"
EndProject
Project("{2150E333-8FDC-42A3-9474-1A3956D46DE8}") = "GatewayBff", "GatewayBff", "{82514BBC-6AD1-C649-D0F4-0E37A08E23CF}"
EndProject
Project("{2150E333-8FDC-42A3-9474-1A3956D46DE8}") = "src", "src", "{F4AACDF6-C27A-59AD-37FB-C2BBE103D850}"
EndProject
Project("{FAE04EC0-301F-11D3-BF4B-00C04F79EFBC}") = "GatewayBff", "services\GatewayBff\src\GatewayBff.csproj", "{84CACF23-789D-4ABB-B3F3-6151F3D5F2FF}"
EndProject
Project("{2150E333-8FDC-42A3-9474-1A3956D46DE8}") = "shared", "shared", "{4F52FD11-658E-A102-6CD3-7D7C16FFA15B}"
EndProject
Project("{2150E333-8FDC-42A3-9474-1A3956D46DE8}") = "tests", "tests", "{BA042AEE-DA91-C759-1F8B-EB1D3097DF57}"
EndProject
Project("{FAE04EC0-301F-11D3-BF4B-00C04F79EFBC}") = "GatewayBff.Tests", "services\GatewayBff\tests\GatewayBff.Tests\GatewayBff.Tests.csproj", "{A601289F-FB67-40C3-B68C-9731731197A7}"
EndProject
Global
	GlobalSection(SolutionConfigurationPlatforms) = preSolution
		Debug|Any CPU = Debug|Any CPU
		Debug|x64 = Debug|x64
		Debug|x86 = Debug|x86
		Release|Any CPU = Release|Any CPU
		Release|x64 = Release|x64
		Release|x86 = Release|x86
	EndGlobalSection
	GlobalSection(ProjectConfigurationPlatforms) = postSolution
		{35FE60DE-C996-C3A7-9DBB-E8CE1B990A74}.Debug|Any CPU.ActiveCfg = Debug|Any CPU
		{35FE60DE-C996-C3A7-9DBB-E8CE1B990A74}.Debug|Any CPU.Build.0 = Debug|Any CPU
		{35FE60DE-C996-C3A7-9DBB-E8CE1B990A74}.Debug|x64.ActiveCfg = Debug|Any CPU
		{35FE60DE-C996-C3A7-9DBB-E8CE1B990A74}.Debug|x64.Build.0 = Debug|Any CPU
		{35FE60DE-C996-C3A7-9DBB-E8CE1B990A74}.Debug|x86.ActiveCfg = Debug|Any CPU
		{35FE60DE-C996-C3A7-9DBB-E8CE1B990A74}.Debug|x86.Build.0 = Debug|Any CPU
		{35FE60DE-C996-C3A7-9DBB-E8CE1B990A74}.Release|Any CPU.ActiveCfg = Release|Any CPU
		{35FE60DE-C996-C3A7-9DBB-E8CE1B990A74}.Release|Any CPU.Build.0 = Release|Any CPU
		{35FE60DE-C996-C3A7-9DBB-E8CE1B990A74}.Release|x64.ActiveCfg = Release|Any CPU
		{35FE60DE-C996-C3A7-9DBB-E8CE1B990A74}.Release|x64.Build.0 = Release|Any CPU
		{35FE60DE-C996-C3A7-9DBB-E8CE1B990A74}.Release|x86.ActiveCfg = Release|Any CPU
		{35FE60DE-C996-C3A7-9DBB-E8CE1B990A74}.Release|x86.Build.0 = Release|Any CPU
		{D27EE0CE-0321-13CC-B4E7-178F63F7050D}.Debug|Any CPU.ActiveCfg = Debug|Any CPU
		{D27EE0CE-0321-13CC-B4E7-178F63F7050D}.Debug|Any CPU.Build.0 = Debug|Any CPU
		{D27EE0CE-0321-13CC-B4E7-178F63F7050D}.Debug|x64.ActiveCfg = Debug|Any CPU
		{D27EE0CE-0321-13CC-B4E7-178F63F7050D}.Debug|x64.Build.0 = Debug|Any CPU
		{D27EE0CE-0321-13CC-B4E7-178F63F7050D}.Debug|x86.ActiveCfg = Debug|Any CPU
		{D27EE0CE-0321-13CC-B4E7-178F63F7050D}.Debug|x86.Build.0 = Debug|Any CPU
		{D27EE0CE-0321-13CC-B4E7-178F63F7050D}.Release|Any CPU.ActiveCfg = Release|Any CPU
		{D27EE0CE-0321-13CC-B4E7-178F63F7050D}.Release|Any CPU.Build.0 = Release|Any CPU
		{D27EE0CE-0321-13CC-B4E7-178F63F7050D}.Release|x64.ActiveCfg = Release|Any CPU
		{D27EE0CE-0321-13CC-B4E7-178F63F7050D}.Release|x64.Build.0 = Release|Any CPU
		{D27EE0CE-0321-13CC-B4E7-178F63F7050D}.Release|x86.ActiveCfg = Release|Any CPU
		{D27EE0CE-0321-13CC-B4E7-178F63F7050D}.Release|x86.Build.0 = Release|Any CPU
		{18739B2E-59AD-3D06-BBF1-ED8C4D283769}.Debug|Any CPU.ActiveCfg = Debug|Any CPU
		{18739B2E-59AD-3D06-BBF1-ED8C4D283769}.Debug|Any CPU.Build.0 = Debug|Any CPU
		{18739B2E-59AD-3D06-BBF1-ED8C4D283769}.Debug|x64.ActiveCfg = Debug|Any CPU
		{18739B2E-59AD-3D06-BBF1-ED8C4D283769}.Debug|x64.Build.0 = Debug|Any CPU
		{18739B2E-59AD-3D06-BBF1-ED8C4D283769}.Debug|x86.ActiveCfg = Debug|Any CPU
		{18739B2E-59AD-3D06-BBF1-ED8C4D283769}.Debug|x86.Build.0 = Debug|Any CPU
		{18739B2E-59AD-3D06-BBF1-ED8C4D283769}.Release|Any CPU.ActiveCfg = Release|Any CPU
		{18739B2E-59AD-3D06-BBF1-ED8C4D283769}.Release|Any CPU.Build.0 = Release|Any CPU
		{18739B2E-59AD-3D06-BBF1-ED8C4D283769}.Release|x64.ActiveCfg = Release|Any CPU
		{18739B2E-59AD-3D06-BBF1-ED8C4D283769}.Release|x64.Build.0 = Release|Any CPU
		{18739B2E-59AD-3D06-BBF1-ED8C4D283769}.Release|x86.ActiveCfg = Release|Any CPU
		{18739B2E-59AD-3D06-BBF1-ED8C4D283769}.Release|x86.Build.0 = Release|Any CPU
		{44F78D54-18FC-AE09-F859-4D64FF4E1310}.Debug|Any CPU.ActiveCfg = Debug|Any CPU
		{44F78D54-18FC-AE09-F859-4D64FF4E1310}.Debug|Any CPU.Build.0 = Debug|Any CPU
		{44F78D54-18FC-AE09-F859-4D64FF4E1310}.Debug|x64.ActiveCfg = Debug|Any CPU
		{44F78D54-18FC-AE09-F859-4D64FF4E1310}.Debug|x64.Build.0 = Debug|Any CPU
		{44F78D54-18FC-AE09-F859-4D64FF4E1310}.Debug|x86.ActiveCfg = Debug|Any CPU
		{44F78D54-18FC-AE09-F859-4D64FF4E1310}.Debug|x86.Build.0 = Debug|Any CPU
		{44F78D54-18FC-AE09-F859-4D64FF4E1310}.Release|Any CPU.ActiveCfg = Release|Any CPU
		{44F78D54-18FC-AE09-F859-4D64FF4E1310}.Release|Any CPU.Build.0 = Release|Any CPU
		{44F78D54-18FC-AE09-F859-4D64FF4E1310}.Release|x64.ActiveCfg = Release|Any CPU
		{44F78D54-18FC-AE09-F859-4D64FF4E1310}.Release|x64.Build.0 = Release|Any CPU
		{44F78D54-18FC-AE09-F859-4D64FF4E1310}.Release|x86.ActiveCfg = Release|Any CPU
		{44F78D54-18FC-AE09-F859-4D64FF4E1310}.Release|x86.Build.0 = Release|Any CPU
		{AAAAAAAA-0001-0001-0001-000000000001}.Debug|Any CPU.ActiveCfg = Debug|Any CPU
		{AAAAAAAA-0001-0001-0001-000000000001}.Debug|Any CPU.Build.0 = Debug|Any CPU
		{AAAAAAAA-0001-0001-0001-000000000001}.Debug|x64.ActiveCfg = Debug|Any CPU
		{AAAAAAAA-0001-0001-0001-000000000001}.Debug|x64.Build.0 = Debug|Any CPU
		{AAAAAAAA-0001-0001-0001-000000000001}.Debug|x86.ActiveCfg = Debug|Any CPU
		{AAAAAAAA-0001-0001-0001-000000000001}.Debug|x86.Build.0 = Debug|Any CPU
		{AAAAAAAA-0001-0001-0001-000000000001}.Release|Any CPU.ActiveCfg = Release|Any CPU
		{AAAAAAAA-0001-0001-0001-000000000001}.Release|Any CPU.Build.0 = Release|Any CPU
		{AAAAAAAA-0001-0001-0001-000000000001}.Release|x64.ActiveCfg = Release|Any CPU
		{AAAAAAAA-0001-0001-0001-000000000001}.Release|x64.Build.0 = Release|Any CPU
		{AAAAAAAA-0001-0001-0001-000000000001}.Release|x86.ActiveCfg = Release|Any CPU
		{AAAAAAAA-0001-0001-0001-000000000001}.Release|x86.Build.0 = Release|Any CPU
		{80A7BFC2-FB28-7DEB-AB99-094646B1414F}.Debug|Any CPU.ActiveCfg = Debug|Any CPU
		{80A7BFC2-FB28-7DEB-AB99-094646B1414F}.Debug|Any CPU.Build.0 = Debug|Any CPU
		{80A7BFC2-FB28-7DEB-AB99-094646B1414F}.Debug|x64.ActiveCfg = Debug|Any CPU
		{80A7BFC2-FB28-7DEB-AB99-094646B1414F}.Debug|x64.Build.0 = Debug|Any CPU
		{80A7BFC2-FB28-7DEB-AB99-094646B1414F}.Debug|x86.ActiveCfg = Debug|Any CPU
		{80A7BFC2-FB28-7DEB-AB99-094646B1414F}.Debug|x86.Build.0 = Debug|Any CPU
		{80A7BFC2-FB28-7DEB-AB99-094646B1414F}.Release|Any CPU.ActiveCfg = Release|Any CPU
		{80A7BFC2-FB28-7DEB-AB99-094646B1414F}.Release|Any CPU.Build.0 = Release|Any CPU
		{80A7BFC2-FB28-7DEB-AB99-094646B1414F}.Release|x64.ActiveCfg = Release|Any CPU
		{80A7BFC2-FB28-7DEB-AB99-094646B1414F}.Release|x64.Build.0 = Release|Any CPU
		{80A7BFC2-FB28-7DEB-AB99-094646B1414F}.Release|x86.ActiveCfg = Release|Any CPU
		{80A7BFC2-FB28-7DEB-AB99-094646B1414F}.Release|x86.Build.0 = Release|Any CPU
		{BBBBBBBB-0002-0002-0002-000000000002}.Debug|Any CPU.ActiveCfg = Debug|Any CPU
		{BBBBBBBB-0002-0002-0002-000000000002}.Debug|Any CPU.Build.0 = Debug|Any CPU
		{BBBBBBBB-0002-0002-0002-000000000002}.Debug|x64.ActiveCfg = Debug|Any CPU
		{BBBBBBBB-0002-0002-0002-000000000002}.Debug|x64.Build.0 = Debug|Any CPU
		{BBBBBBBB-0002-0002-0002-000000000002}.Debug|x86.ActiveCfg = Debug|Any CPU
		{BBBBBBBB-0002-0002-0002-000000000002}.Debug|x86.Build.0 = Debug|Any CPU
		{BBBBBBBB-0002-0002-0002-000000000002}.Release|Any CPU.ActiveCfg = Release|Any CPU
		{BBBBBBBB-0002-0002-0002-000000000002}.Release|Any CPU.Build.0 = Release|Any CPU
		{BBBBBBBB-0002-0002-0002-000000000002}.Release|x64.ActiveCfg = Release|Any CPU
		{BBBBBBBB-0002-0002-0002-000000000002}.Release|x64.Build.0 = Release|Any CPU
		{BBBBBBBB-0002-0002-0002-000000000002}.Release|x86.ActiveCfg = Release|Any CPU
		{BBBBBBBB-0002-0002-0002-000000000002}.Release|x86.Build.0 = Release|Any CPU
		{FECF01E8-D29A-C530-57C2-B4A1574A1650}.Debug|Any CPU.ActiveCfg = Debug|Any CPU
		{FECF01E8-D29A-C530-57C2-B4A1574A1650}.Debug|Any CPU.Build.0 = Debug|Any CPU
		{FECF01E8-D29A-C530-57C2-B4A1574A1650}.Debug|x64.ActiveCfg = Debug|Any CPU
		{FECF01E8-D29A-C530-57C2-B4A1574A1650}.Debug|x64.Build.0 = Debug|Any CPU
		{FECF01E8-D29A-C530-57C2-B4A1574A1650}.Debug|x86.ActiveCfg = Debug|Any CPU
		{FECF01E8-D29A-C530-57C2-B4A1574A1650}.Debug|x86.Build.0 = Debug|Any CPU
		{FECF01E8-D29A-C530-57C2-B4A1574A1650}.Release|Any CPU.ActiveCfg = Release|Any CPU
		{FECF01E8-D29A-C530-57C2-B4A1574A1650}.Release|Any CPU.Build.0 = Release|Any CPU
		{FECF01E8-D29A-C530-57C2-B4A1574A1650}.Release|x64.ActiveCfg = Release|Any CPU
		{FECF01E8-D29A-C530-57C2-B4A1574A1650}.Release|x64.Build.0 = Release|Any CPU
		{FECF01E8-D29A-C530-57C2-B4A1574A1650}.Release|x86.ActiveCfg = Release|Any CPU
		{FECF01E8-D29A-C530-57C2-B4A1574A1650}.Release|x86.Build.0 = Release|Any CPU
		{CCCCCCCC-0003-0003-0003-000000000003}.Debug|Any CPU.ActiveCfg = Debug|Any CPU
		{CCCCCCCC-0003-0003-0003-000000000003}.Debug|Any CPU.Build.0 = Debug|Any CPU
		{CCCCCCCC-0003-0003-0003-000000000003}.Debug|x64.ActiveCfg = Debug|Any CPU
		{CCCCCCCC-0003-0003-0003-000000000003}.Debug|x64.Build.0 = Debug|Any CPU
		{CCCCCCCC-0003-0003-0003-000000000003}.Debug|x86.ActiveCfg = Debug|Any CPU
		{CCCCCCCC-0003-0003-0003-000000000003}.Debug|x86.Build.0 = Debug|Any CPU
		{CCCCCCCC-0003-0003-0003-000000000003}.Release|Any CPU.ActiveCfg = Release|Any CPU
		{CCCCCCCC-0003-0003-0003-000000000003}.Release|Any CPU.Build.0 = Release|Any CPU
		{CCCCCCCC-0003-0003-0003-000000000003}.Release|x64.ActiveCfg = Release|Any CPU
		{CCCCCCCC-0003-0003-0003-000000000003}.Release|x64.Build.0 = Release|Any CPU
		{CCCCCCCC-0003-0003-0003-000000000003}.Release|x86.ActiveCfg = Release|Any CPU
		{CCCCCCCC-0003-0003-0003-000000000003}.Release|x86.Build.0 = Release|Any CPU
		{DECD24F4-8A2C-F12A-99AC-1962FB3666FF}.Debug|Any CPU.ActiveCfg = Debug|Any CPU
		{DECD24F4-8A2C-F12A-99AC-1962FB3666FF}.Debug|Any CPU.Build.0 = Debug|Any CPU
		{DECD24F4-8A2C-F12A-99AC-1962FB3666FF}.Debug|x64.ActiveCfg = Debug|Any CPU
		{DECD24F4-8A2C-F12A-99AC-1962FB3666FF}.Debug|x64.Build.0 = Debug|Any CPU
		{DECD24F4-8A2C-F12A-99AC-1962FB3666FF}.Debug|x86.ActiveCfg = Debug|Any CPU
		{DECD24F4-8A2C-F12A-99AC-1962FB3666FF}.Debug|x86.Build.0 = Debug|Any CPU
		{DECD24F4-8A2C-F12A-99AC-1962FB3666FF}.Release|Any CPU.ActiveCfg = Release|Any CPU
		{DECD24F4-8A2C-F12A-99AC-1962FB3666FF}.Release|Any CPU.Build.0 = Release|Any CPU
		{DECD24F4-8A2C-F12A-99AC-1962FB3666FF}.Release|x64.ActiveCfg = Release|Any CPU
		{DECD24F4-8A2C-F12A-99AC-1962FB3666FF}.Release|x64.Build.0 = Release|Any CPU
		{DECD24F4-8A2C-F12A-99AC-1962FB3666FF}.Release|x86.ActiveCfg = Release|Any CPU
		{DECD24F4-8A2C-F12A-99AC-1962FB3666FF}.Release|x86.Build.0 = Release|Any CPU
		{DDDDDDDD-0004-0004-0004-000000000004}.Debug|Any CPU.ActiveCfg = Debug|Any CPU
		{DDDDDDDD-0004-0004-0004-000000000004}.Debug|Any CPU.Build.0 = Debug|Any CPU
		{DDDDDDDD-0004-0004-0004-000000000004}.Debug|x64.ActiveCfg = Debug|Any CPU
		{DDDDDDDD-0004-0004-0004-000000000004}.Debug|x64.Build.0 = Debug|Any CPU
		{DDDDDDDD-0004-0004-0004-000000000004}.Debug|x86.ActiveCfg = Debug|Any CPU
		{DDDDDDDD-0004-0004-0004-000000000004}.Debug|x86.Build.0 = Debug|Any CPU
		{DDDDDDDD-0004-0004-0004-000000000004}.Release|Any CPU.ActiveCfg = Release|Any CPU
		{DDDDDDDD-0004-0004-0004-000000000004}.Release|Any CPU.Build.0 = Release|Any CPU
		{DDDDDDDD-0004-0004-0004-000000000004}.Release|x64.ActiveCfg = Release|Any CPU
		{DDDDDDDD-0004-0004-0004-000000000004}.Release|x64.Build.0 = Release|Any CPU
		{DDDDDDDD-0004-0004-0004-000000000004}.Release|x86.ActiveCfg = Release|Any CPU
		{DDDDDDDD-0004-0004-0004-000000000004}.Release|x86.Build.0 = Release|Any CPU
		{84CACF23-789D-4ABB-B3F3-6151F3D5F2FF}.Debug|Any CPU.ActiveCfg = Debug|Any CPU
		{84CACF23-789D-4ABB-B3F3-6151F3D5F2FF}.Debug|Any CPU.Build.0 = Debug|Any CPU
		{84CACF23-789D-4ABB-B3F3-6151F3D5F2FF}.Debug|x64.ActiveCfg = Debug|Any CPU
		{84CACF23-789D-4ABB-B3F3-6151F3D5F2FF}.Debug|x64.Build.0 = Debug|Any CPU
		{84CACF23-789D-4ABB-B3F3-6151F3D5F2FF}.Debug|x86.ActiveCfg = Debug|Any CPU
		{84CACF23-789D-4ABB-B3F3-6151F3D5F2FF}.Debug|x86.Build.0 = Debug|Any CPU
		{84CACF23-789D-4ABB-B3F3-6151F3D5F2FF}.Release|Any CPU.ActiveCfg = Release|Any CPU
		{84CACF23-789D-4ABB-B3F3-6151F3D5F2FF}.Release|Any CPU.Build.0 = Release|Any CPU
		{84CACF23-789D-4ABB-B3F3-6151F3D5F2FF}.Release|x64.ActiveCfg = Release|Any CPU
		{84CACF23-789D-4ABB-B3F3-6151F3D5F2FF}.Release|x64.Build.0 = Release|Any CPU
		{84CACF23-789D-4ABB-B3F3-6151F3D5F2FF}.Release|x86.ActiveCfg = Release|Any CPU
		{84CACF23-789D-4ABB-B3F3-6151F3D5F2FF}.Release|x86.Build.0 = Release|Any CPU
		{A601289F-FB67-40C3-B68C-9731731197A7}.Debug|Any CPU.ActiveCfg = Debug|Any CPU
		{A601289F-FB67-40C3-B68C-9731731197A7}.Debug|Any CPU.Build.0 = Debug|Any CPU
		{A601289F-FB67-40C3-B68C-9731731197A7}.Debug|x64.ActiveCfg = Debug|Any CPU
		{A601289F-FB67-40C3-B68C-9731731197A7}.Debug|x64.Build.0 = Debug|Any CPU
		{A601289F-FB67-40C3-B68C-9731731197A7}.Debug|x86.ActiveCfg = Debug|Any CPU
		{A601289F-FB67-40C3-B68C-9731731197A7}.Debug|x86.Build.0 = Debug|Any CPU
		{A601289F-FB67-40C3-B68C-9731731197A7}.Release|Any CPU.ActiveCfg = Release|Any CPU
		{A601289F-FB67-40C3-B68C-9731731197A7}.Release|Any CPU.Build.0 = Release|Any CPU
		{A601289F-FB67-40C3-B68C-9731731197A7}.Release|x64.ActiveCfg = Release|Any CPU
		{A601289F-FB67-40C3-B68C-9731731197A7}.Release|x64.Build.0 = Release|Any CPU
		{A601289F-FB67-40C3-B68C-9731731197A7}.Release|x86.ActiveCfg = Release|Any CPU
		{A601289F-FB67-40C3-B68C-9731731197A7}.Release|x86.Build.0 = Release|Any CPU
	EndGlobalSection
	GlobalSection(SolutionProperties) = preSolution
		HideSolutionNode = FALSE
	EndGlobalSection
	GlobalSection(NestedProjects) = preSolution
		{CC59F1DC-7008-82D1-1AC5-E73DF7F77FAE} = {05D90090-E42E-9F76-FEB1-84C09A0CB6E7}
		{35FE60DE-C996-C3A7-9DBB-E8CE1B990A74} = {CC59F1DC-7008-82D1-1AC5-E73DF7F77FAE}
		{D27EE0CE-0321-13CC-B4E7-178F63F7050D} = {CC59F1DC-7008-82D1-1AC5-E73DF7F77FAE}
		{18739B2E-59AD-3D06-BBF1-ED8C4D283769} = {CC59F1DC-7008-82D1-1AC5-E73DF7F77FAE}
		{CEA20124-1E82-AD65-6494-4FCDD29F1A18} = {05D90090-E42E-9F76-FEB1-84C09A0CB6E7}
		{4680FA04-B3C6-3DA8-7EE8-F20912C21308} = {CEA20124-1E82-AD65-6494-4FCDD29F1A18}
		{44F78D54-18FC-AE09-F859-4D64FF4E1310} = {4680FA04-B3C6-3DA8-7EE8-F20912C21308}
		{AAAAAAAA-0001-0001-0001-000000000001} = {4680FA04-B3C6-3DA8-7EE8-F20912C21308}
		{334A5D25-9DE2-CD55-A2F9-D44E9F71F554} = {CEA20124-1E82-AD65-6494-4FCDD29F1A18}
		{80A7BFC2-FB28-7DEB-AB99-094646B1414F} = {334A5D25-9DE2-CD55-A2F9-D44E9F71F554}
		{BBBBBBBB-0002-0002-0002-000000000002} = {334A5D25-9DE2-CD55-A2F9-D44E9F71F554}
		{74714A78-7AEE-5056-4028-AFDFDC21AEF5} = {CEA20124-1E82-AD65-6494-4FCDD29F1A18}
		{FECF01E8-D29A-C530-57C2-B4A1574A1650} = {74714A78-7AEE-5056-4028-AFDFDC21AEF5}
		{CCCCCCCC-0003-0003-0003-000000000003} = {74714A78-7AEE-5056-4028-AFDFDC21AEF5}
		{89060B9A-3913-8350-9C75-57C114CC4992} = {CEA20124-1E82-AD65-6494-4FCDD29F1A18}
		{DECD24F4-8A2C-F12A-99AC-1962FB3666FF} = {89060B9A-3913-8350-9C75-57C114CC4992}
		{DDDDDDDD-0004-0004-0004-000000000004} = {89060B9A-3913-8350-9C75-57C114CC4992}
		{82514BBC-6AD1-C649-D0F4-0E37A08E23CF} = {5854FF58-B8C5-05C6-5BF2-ACE42193F22B}
		{F4AACDF6-C27A-59AD-37FB-C2BBE103D850} = {82514BBC-6AD1-C649-D0F4-0E37A08E23CF}
		{84CACF23-789D-4ABB-B3F3-6151F3D5F2FF} = {F4AACDF6-C27A-59AD-37FB-C2BBE103D850}
		{BA042AEE-DA91-C759-1F8B-EB1D3097DF57} = {82514BBC-6AD1-C649-D0F4-0E37A08E23CF}
		{A601289F-FB67-40C3-B68C-9731731197A7} = {BA042AEE-DA91-C759-1F8B-EB1D3097DF57}
	EndGlobalSection
	GlobalSection(ExtensibilityGlobals) = postSolution
		SolutionGuid = {AE74587F-D464-419E-8C13-460C8A316DB8}
	EndGlobalSection
EndGlobal
